
Microsoft Visual Studio Solution File, Format Version 12.00
# Visual Studio Version 17
VisualStudioVersion = 17.4.33110.190
MinimumVisualStudioVersion = 10.0.40219.1
Project("{FAE04EC0-301F-11D3-BF4B-00C04F79EFBC}") = "ManejoPresupuesto", "ManejoPresupuesto\ManejoPresupuesto.csproj", "{F9ABBEA3-1909-45FE-8013-0448BB2298C7}"
EndProject
Global
	GlobalSection(SolutionConfigurationPlatforms) = preSolution
		Debug|Any CPU = Debug|Any CPU
		Release|Any CPU = Release|Any CPU
	EndGlobalSection
	GlobalSection(ProjectConfigurationPlatforms) = postSolution
		{F9ABBEA3-1909-45FE-8013-0448BB2298C7}.Debug|Any CPU.ActiveCfg = Debug|Any CPU
		{F9ABBEA3-1909-45FE-8013-0448BB2298C7}.Debug|Any CPU.Build.0 = Debug|Any CPU
		{F9ABBEA3-1909-45FE-8013-0448BB2298C7}.Release|Any CPU.ActiveCfg = Release|Any CPU
		{F9ABBEA3-1909-45FE-8013-0448BB2298C7}.Release|Any CPU.Build.0 = Release|Any CPU
	EndGlobalSection
	GlobalSection(SolutionProperties) = preSolution
		HideSolutionNode = FALSE
	EndGlobalSection
	GlobalSection(ExtensibilityGlobals) = postSolution
		SolutionGuid = {316017C4-BCEA-42E7-93AB-1BDF51FAD21A}
	EndGlobalSection
EndGlobal
